
Microsoft Visual Studio Solution File, Format Version 12.00
# Visual Studio Version 17
VisualStudioVersion = 17.13.36105.23 d17.13
MinimumVisualStudioVersion = 10.0.40219.1
Project("{54A90642-561A-4BB1-A94E-469ADEE60C69}") = "projetstage.client", "projetstage.client\projetstage.client.esproj", "{D79EF64A-E98E-4467-4CAE-E5291D68DA6A}"
EndProject
Project("{FAE04EC0-301F-11D3-BF4B-00C04F79EFBC}") = "projetStage.Server", "projetStage.Server\projetStage.Server.csproj", "{583F749C-6D0D-4600-AD36-6C4B45D4892E}"
EndProject
Global
	GlobalSection(SolutionConfigurationPlatforms) = preSolution
		Debug|Any CPU = Debug|Any CPU
		Release|Any CPU = Release|Any CPU
	EndGlobalSection
	GlobalSection(ProjectConfigurationPlatforms) = postSolution
		{D79EF64A-E98E-4467-4CAE-E5291D68DA6A}.Debug|Any CPU.ActiveCfg = Debug|Any CPU
		{D79EF64A-E98E-4467-4CAE-E5291D68DA6A}.Debug|Any CPU.Build.0 = Debug|Any CPU
		{D79EF64A-E98E-4467-4CAE-E5291D68DA6A}.Debug|Any CPU.Deploy.0 = Debug|Any CPU
		{D79EF64A-E98E-4467-4CAE-E5291D68DA6A}.Release|Any CPU.ActiveCfg = Release|Any CPU
		{D79EF64A-E98E-4467-4CAE-E5291D68DA6A}.Release|Any CPU.Build.0 = Release|Any CPU
		{D79EF64A-E98E-4467-4CAE-E5291D68DA6A}.Release|Any CPU.Deploy.0 = Release|Any CPU
		{583F749C-6D0D-4600-AD36-6C4B45D4892E}.Debug|Any CPU.ActiveCfg = Debug|Any CPU
		{583F749C-6D0D-4600-AD36-6C4B45D4892E}.Debug|Any CPU.Build.0 = Debug|Any CPU
		{583F749C-6D0D-4600-AD36-6C4B45D4892E}.Release|Any CPU.ActiveCfg = Release|Any CPU
		{583F749C-6D0D-4600-AD36-6C4B45D4892E}.Release|Any CPU.Build.0 = Release|Any CPU
	EndGlobalSection
	GlobalSection(SolutionProperties) = preSolution
		HideSolutionNode = FALSE
	EndGlobalSection
	GlobalSection(ExtensibilityGlobals) = postSolution
		SolutionGuid = {DA59EF0C-6919-4B1D-9079-AD31998EF94F}
	EndGlobalSection
EndGlobal
